
Microsoft Visual Studio Solution File, Format Version 12.00
# Visual Studio Version 17
VisualStudioVersion = 17.1.32319.34
MinimumVisualStudioVersion = 10.0.40219.1
Project("{FAE04EC0-301F-11D3-BF4B-00C04F79EFBC}") = "SunshineAirlines", "SunshineAirlines\SunshineAirlines.csproj", "{4BF24A33-BA6F-48EC-8F3E-923108F41D7E}"
EndProject
Global
	GlobalSection(SolutionConfigurationPlatforms) = preSolution
		Debug|Any CPU = Debug|Any CPU
		Release|Any CPU = Release|Any CPU
	EndGlobalSection
	GlobalSection(ProjectConfigurationPlatforms) = postSolution
		{4BF24A33-BA6F-48EC-8F3E-923108F41D7E}.Debug|Any CPU.ActiveCfg = Debug|Any CPU
		{4BF24A33-BA6F-48EC-8F3E-923108F41D7E}.Debug|Any CPU.Build.0 = Debug|Any CPU
		{4BF24A33-BA6F-48EC-8F3E-923108F41D7E}.Release|Any CPU.ActiveCfg = Release|Any CPU
		{4BF24A33-BA6F-48EC-8F3E-923108F41D7E}.Release|Any CPU.Build.0 = Release|Any CPU
	EndGlobalSection
	GlobalSection(SolutionProperties) = preSolution
		HideSolutionNode = FALSE
	EndGlobalSection
	GlobalSection(ExtensibilityGlobals) = postSolution
		SolutionGuid = {587AE109-CCB1-460C-B35C-BE9A29FE3414}
	EndGlobalSection
EndGlobal
